dependencies:
- name: monitoring
  repository: file://../../charts/monitoring
  version: 2.0.0
- name: alloy
  repository: https://grafana.github.io/helm-charts
  version: 1.11.0
- name: kube-state-metrics
  repository: https://prometheus-community.github.io/helm-charts
  version: 8.0.0
- name: secret-store
  repository: file://../../charts/secret-store
  version: 1.0.0
- name: external-secret
  repository: file://../../charts/external-secret
  version: 1.0.0
- name: common
  repository: file://../../charts/common
  version: 1.0.0
digest: sha256:1af403bdb5fb10fa753aa44d411a973853b70afb7ba97e1ada428b2ce5cdc5ba
generated: "2026-08-11T19:16:13.1730217+02:00"
