dependencies:
- name: monitoring
  repository: file://../../charts/monitoring
  version: 2.0.0
- name: ingress
  repository: file://../../charts/ingress
  version: 1.0.0
- name: common
  repository: file://../../charts/common
  version: 1.0.0
digest: sha256:dbcd83e356820dab03ea39f7ae57bd84d96e38383937a164e1d937504e4dd7f7
generated: "2026-08-11T19:16:43.7512943+02:00"
