dependencies:
- name: external-secret
  repository: file://../../charts/external-secret
  version: 1.0.0
- name: secret-store
  repository: file://../../charts/secret-store
  version: 1.0.0
- name: common
  repository: file://../../charts/common
  version: 1.0.0
digest: sha256:57d572539d0c045fddd17d1199ed9052551ff7526f9dd7912ce913535fea4e67
generated: "2026-08-24T18:44:44.2264921+02:00"
