dependencies:
- name: ingress
  repository: file://../../charts/ingress
  version: 1.0.0
- name: pvc
  repository: file://../../charts/pvc
  version: 1.0.0
- name: secret-store
  repository: file://../../charts/secret-store
  version: 1.0.0
- name: common
  repository: file://../../charts/common
  version: 1.0.0
- name: rbac
  repository: file://../../charts/rbac
  version: 1.0.0
digest: sha256:8dda21829096548221f4531be1f5da0f0d8e44fd77c411a96af30a1467b69384
generated: "2026-08-11T19:16:06.7749092+02:00"
