dependencies:
- name: deployment
  repository: file://../../charts/deployment
  version: 1.0.0
- name: pvc
  repository: file://../../charts/pvc
  version: 1.0.0
- name: ingress
  repository: file://../../charts/ingress
  version: 1.0.0
- name: configmap
  repository: file://../../charts/configmap
  version: 1.0.0
- name: external-secret
  repository: file://../../charts/external-secret
  version: 1.0.0
- name: external-secret
  repository: file://../../charts/external-secret
  version: 1.0.0
- name: secret-store
  repository: file://../../charts/secret-store
  version: 1.0.0
- name: monitoring
  repository: file://../../charts/monitoring
  version: 2.0.0
- name: common
  repository: file://../../charts/common
  version: 1.0.0
digest: sha256:7b6045bb4f1ef5a3e5311b936e20555ec1bd82e1eb7db53898ec2a72ade4fe9e
generated: "2026-08-11T19:16:32.8109382+02:00"
