dependencies:
- name: deployment
  repository: file://../../charts/deployment
  version: 1.0.0
- name: pvc
  repository: file://../../charts/pvc
  version: 1.0.0
- name: external-secret
  repository: file://../../charts/external-secret
  version: 1.0.0
- name: secret-store
  repository: file://../../charts/secret-store
  version: 1.0.0
- name: prometheus-postgres-exporter
  repository: https://prometheus-community.github.io/helm-charts
  version: 8.2.0
- name: common
  repository: file://../../charts/common
  version: 1.0.0
digest: sha256:872689975bc196421479343405c80c3463e91ba1c98ab7d2ad56914218826e1a
generated: "2026-08-24T17:54:20.6261444+02:00"
