dependencies:
- name: deployment
  repository: file://../../charts/deployment
  version: 1.0.0
- name: pvc
  repository: file://../../charts/pvc
  version: 1.0.0
- name: ingress
  repository: file://../../charts/ingress
  version: 1.0.0
- name: common
  repository: file://../../charts/common
  version: 1.0.0
digest: sha256:ded6e911f05bf54424d27fc286b1897e8f7fde7ae53927ad5684bad7a0aa5aef
generated: "2026-08-11T19:16:41.2966828+02:00"
