dependencies:
- name: deployment
  repository: file://../../charts/deployment
  version: 1.0.0
- name: ingress
  repository: file://../../charts/ingress
  version: 1.0.0
- name: external-secret
  repository: file://../../charts/external-secret
  version: 1.0.0
- name: external-secret
  repository: file://../../charts/external-secret
  version: 1.0.0
- name: pvc
  repository: file://../../charts/pvc
  version: 1.0.0
- name: secret-store
  repository: file://../../charts/secret-store
  version: 1.0.0
- name: common
  repository: file://../../charts/common
  version: 1.0.0
digest: sha256:6fea981ea8a3c7fa0db7983374a782b0833060964fdcd478430b312f65899d6f
generated: "2026-08-11T19:15:53.4371652+02:00"
