dependencies:
- name: mail
  repository: https://bokysan.github.io/docker-postfix/
  version: v5.1.0
- name: external-secret
  repository: file://../../charts/external-secret
  version: 1.0.0
- name: secret-store
  repository: file://../../charts/secret-store
  version: 1.0.0
- name: monitoring
  repository: file://../../charts/monitoring
  version: 2.0.0
- name: common
  repository: file://../../charts/common
  version: 1.0.0
digest: sha256:12cf073ff562fa4ce3512ff0eb6baefaf938ca2a436fccf2224d62b868a0f451
generated: "2026-08-11T19:16:22.5514512+02:00"
