dependencies:
- name: monitoring
  repository: file://../../charts/monitoring
  version: 2.0.0
- name: prometheus-mongodb-exporter
  repository: https://prometheus-community.github.io/helm-charts
  version: 3.20.0
- name: external-secret
  repository: file://../../charts/external-secret
  version: 1.0.0
- name: secret-store
  repository: file://../../charts/secret-store
  version: 1.0.0
- name: common
  repository: file://../../charts/common
  version: 1.0.0
digest: sha256:406a69efef003502aa9c468468dcc7efed78da4d0febd780ee96f55d00e1e7f1
generated: "2026-08-11T19:16:09.544444+02:00"
