dependencies:
- name: argo-cd
  repository: https://argoproj.github.io/argo-helm
  version: 10.2.1
- name: secret-store
  repository: file://../../charts/secret-store
  version: 1.0.0
- name: common
  repository: file://../../charts/common
  version: 1.0.0
digest: sha256:62c5d3e8f1d677b048cacb92af03c254a25bd8032ad80bc1dfc6122835edd19c
generated: "2026-08-24T17:54:23.3669372+02:00"
