dependencies:
- name: monitoring
  repository: file://../../charts/monitoring
  version: 2.0.0
- name: kube-prometheus-stack
  repository: https://prometheus-community.github.io/helm-charts
  version: 87.21.0
- name: loki
  repository: https://grafana-community.github.io/helm-charts
  version: 18.7.0
- name: tempo
  repository: https://grafana-community.github.io/helm-charts
  version: 2.2.3
- name: alloy
  repository: https://grafana.github.io/helm-charts
  version: 1.11.0
- name: external-secret
  repository: file://../../charts/external-secret
  version: 1.0.0
- name: external-secret
  repository: file://../../charts/external-secret
  version: 1.0.0
- name: ingress
  repository: file://../../charts/ingress
  version: 1.0.0
- name: ingress
  repository: file://../../charts/ingress
  version: 1.0.0
- name: middleware
  repository: file://../../charts/middleware
  version: 1.0.0
- name: external-secret
  repository: file://../../charts/external-secret
  version: 1.0.0
- name: secret-store
  repository: file://../../charts/secret-store
  version: 1.0.0
- name: common
  repository: file://../../charts/common
  version: 1.0.0
digest: sha256:3a9d8ab3277cc528895b07f92dac89a8971f06ee77fd05b14f1dcc007832fbb4
generated: "2026-08-24T18:23:55.72862+02:00"
