dependencies:
- name: deployment
  repository: file://../../charts/deployment
  version: 1.0.0
- name: pvc
  repository: file://../../charts/pvc
  version: 1.0.0
- name: monitoring
  repository: file://../../charts/monitoring
  version: 2.0.0
- name: prometheus-redis-exporter
  repository: https://prometheus-community.github.io/helm-charts
  version: 6.28.0
- name: common
  repository: file://../../charts/common
  version: 1.0.0
digest: sha256:2f76272a42aaa2b4fc324695c9d9793e5f4044e066311c0e2f04a7cdaf0a3a47
generated: "2026-08-11T19:16:29.6385801+02:00"
